
Microsoft Visual Studio Solution File, Format Version 12.00
# Visual Studio Version 17
VisualStudioVersion = 17.4.33213.308
MinimumVisualStudioVersion = 10.0.40219.1
Project("{FAE04EC0-301F-11D3-BF4B-00C04F79EFBC}") = "webapp", "webapp\webapp.csproj", "{B41FBD9F-F561-4C4D-A67D-441ED39373F0}"
EndProject
Global
	GlobalSection(SolutionConfigurationPlatforms) = preSolution
		Debug|Any CPU = Debug|Any CPU
		Release|Any CPU = Release|Any CPU
	EndGlobalSection
	GlobalSection(ProjectConfigurationPlatforms) = postSolution
		{B41FBD9F-F561-4C4D-A67D-441ED39373F0}.Debug|Any CPU.ActiveCfg = Debug|Any CPU
		{B41FBD9F-F561-4C4D-A67D-441ED39373F0}.Debug|Any CPU.Build.0 = Debug|Any CPU
		{B41FBD9F-F561-4C4D-A67D-441ED39373F0}.Release|Any CPU.ActiveCfg = Release|Any CPU
		{B41FBD9F-F561-4C4D-A67D-441ED39373F0}.Release|Any CPU.Build.0 = Release|Any CPU
	EndGlobalSection
	GlobalSection(SolutionProperties) = preSolution
		HideSolutionNode = FALSE
	EndGlobalSection
	GlobalSection(ExtensibilityGlobals) = postSolution
		SolutionGuid = {1D467E5A-1DA8-4D8C-9A4C-1F6138EE6F9F}
	EndGlobalSection
EndGlobal
